// !$*UTF8*$!
{
	archiveVersion = 1;
	classes = {
	};
	objectVersion = 45;
	objects = {

/* Begin PBXBuildFile section */
		55990F691062927600830C20 /* StructureView.mm in Sources */ = {isa = PBXBuildFile; fileRef = 55990F681062927600830C20 /* StructureView.mm */; };
		55990F6E1062929F00830C20 /* FileUtility.mm in Sources */ = {isa = PBXBuildFile; fileRef = 55990F6A1062929F00830C20 /* FileUtility.mm */; };
		55990F6F1062929F00830C20 /* PDBDownload.mm in Sources */ = {isa = PBXBuildFile; fileRef = 55990F6B1062929F00830C20 /* PDBDownload.mm */; };
		55990F701062929F00830C20 /* StructureOpenGLView.mm in Sources */ = {isa = PBXBuildFile; fileRef = 55990F6C1062929F00830C20 /* StructureOpenGLView.mm */; };
		55990F711062929F00830C20 /* StructureGLString.m in Sources */ = {isa = PBXBuildFile; fileRef = 55990F6D1062929F00830C20 /* StructureGLString.m */; };
		55990F80106292C400830C20 /* Atom.cpp in Sources */ = {isa = PBXBuildFile; fileRef = 55990F72106292C400830C20 /* Atom.cpp */; };
		55990F81106292C400830C20 /* Bond.cpp in Sources */ = {isa = PBXBuildFile; fileRef = 55990F73106292C400830C20 /* Bond.cpp */; };
		55990F82106292C400830C20 /* Color.cpp in Sources */ = {isa = PBXBuildFile; fileRef = 55990F74106292C400830C20 /* Color.cpp */; };
		55990F83106292C400830C20 /* Complex.cpp in Sources */ = {isa = PBXBuildFile; fileRef = 55990F75106292C400830C20 /* Complex.cpp */; };
		55990F85106292C400830C20 /* Molecule.cpp in Sources */ = {isa = PBXBuildFile; fileRef = 55990F77106292C400830C20 /* Molecule.cpp */; };
		55990F86106292C400830C20 /* Point4.cpp in Sources */ = {isa = PBXBuildFile; fileRef = 55990F78106292C400830C20 /* Point4.cpp */; };
		55990F87106292C400830C20 /* Quaternion.cpp in Sources */ = {isa = PBXBuildFile; fileRef = 55990F79106292C400830C20 /* Quaternion.cpp */; };
		55990F88106292C400830C20 /* RandomUtil.cpp in Sources */ = {isa = PBXBuildFile; fileRef = 55990F7A106292C400830C20 /* RandomUtil.cpp */; };
		55990F89106292C400830C20 /* RenderObject.cpp in Sources */ = {isa = PBXBuildFile; fileRef = 55990F7B106292C400830C20 /* RenderObject.cpp */; };
		55990F8A106292C400830C20 /* SecondaryStructure.cpp in Sources */ = {isa = PBXBuildFile; fileRef = 55990F7C106292C400830C20 /* SecondaryStructure.cpp */; };
		55990F8B106292C400830C20 /* Slerp.cpp in Sources */ = {isa = PBXBuildFile; fileRef = 55990F7D106292C400830C20 /* Slerp.cpp */; };
		55990F8C106292C400830C20 /* StringHelper.cpp in Sources */ = {isa = PBXBuildFile; fileRef = 55990F7E106292C400830C20 /* StringHelper.cpp */; };
		55990F8D106292C400830C20 /* Support.cpp in Sources */ = {isa = PBXBuildFile; fileRef = 55990F7F106292C400830C20 /* Support.cpp */; };
		55990FA1106292E100830C20 /* Atom.h in Headers */ = {isa = PBXBuildFile; fileRef = 55990F8E106292E100830C20 /* Atom.h */; };
		55990FA2106292E100830C20 /* Bond.h in Headers */ = {isa = PBXBuildFile; fileRef = 55990F8F106292E100830C20 /* Bond.h */; };
		55990FA3106292E100830C20 /* Color.h in Headers */ = {isa = PBXBuildFile; fileRef = 55990F90106292E100830C20 /* Color.h */; };
		55990FA4106292E100830C20 /* Complex.h in Headers */ = {isa = PBXBuildFile; fileRef = 55990F91106292E100830C20 /* Complex.h */; };
		55990FA5106292E100830C20 /* FileUtility.h in Headers */ = {isa = PBXBuildFile; fileRef = 55990F92106292E100830C20 /* FileUtility.h */; };
		55990FA7106292E100830C20 /* StructureGLString.h in Headers */ = {isa = PBXBuildFile; fileRef = 55990F94106292E100830C20 /* StructureGLString.h */; };
		55990FA8106292E100830C20 /* Molecule.h in Headers */ = {isa = PBXBuildFile; fileRef = 55990F95106292E100830C20 /* Molecule.h */; };
		55990FA9106292E100830C20 /* PDBDownload.h in Headers */ = {isa = PBXBuildFile; fileRef = 55990F96106292E100830C20 /* PDBDownload.h */; };
		55990FAA106292E100830C20 /* Point4.h in Headers */ = {isa = PBXBuildFile; fileRef = 55990F97106292E100830C20 /* Point4.h */; };
		55990FAB106292E100830C20 /* Quaternion.h in Headers */ = {isa = PBXBuildFile; fileRef = 55990F98106292E100830C20 /* Quaternion.h */; };
		55990FAC106292E100830C20 /* RandomUtil.h in Headers */ = {isa = PBXBuildFile; fileRef = 55990F99106292E100830C20 /* RandomUtil.h */; };
		55990FAD106292E100830C20 /* RenderObject.h in Headers */ = {isa = PBXBuildFile; fileRef = 55990F9A106292E100830C20 /* RenderObject.h */; };
		55990FAE106292E100830C20 /* SecondaryStructure.h in Headers */ = {isa = PBXBuildFile; fileRef = 55990F9B106292E100830C20 /* SecondaryStructure.h */; };
		55990FAF106292E100830C20 /* Slerp.h in Headers */ = {isa = PBXBuildFile; fileRef = 55990F9C106292E100830C20 /* Slerp.h */; };
		55990FB0106292E100830C20 /* StringHelper.h in Headers */ = {isa = PBXBuildFile; fileRef = 55990F9D106292E100830C20 /* StringHelper.h */; };
		55990FB1106292E100830C20 /* StructureOpenGLView.h in Headers */ = {isa = PBXBuildFile; fileRef = 55990F9E106292E100830C20 /* StructureOpenGLView.h */; };
		55990FB2106292E100830C20 /* StructureView.h in Headers */ = {isa = PBXBuildFile; fileRef = 55990F9F106292E100830C20 /* StructureView.h */; };
		55990FB3106292E100830C20 /* Support.h in Headers */ = {isa = PBXBuildFile; fileRef = 55990FA0106292E100830C20 /* Support.h */; };
		55990FB71062930B00830C20 /* logo.png in Resources */ = {isa = PBXBuildFile; fileRef = 55990FB61062930B00830C20 /* logo.png */; };
		55990FEB1062934D00830C20 /* 1a0i.pdb in Resources */ = {isa = PBXBuildFile; fileRef = 55990FB91062931F00830C20 /* 1a0i.pdb */; };
		55990FEC1062934D00830C20 /* 1a52.pdb in Resources */ = {isa = PBXBuildFile; fileRef = 55990FBA1062932000830C20 /* 1a52.pdb */; };
		55990FED1062934D00830C20 /* 1aoi.pdb in Resources */ = {isa = PBXBuildFile; fileRef = 55990FBB1062932100830C20 /* 1aoi.pdb */; };
		55990FEE1062934D00830C20 /* 1asz.pdb in Resources */ = {isa = PBXBuildFile; fileRef = 55990FBC1062932100830C20 /* 1asz.pdb */; };
		55990FEF1062934D00830C20 /* 1b7t.pdb in Resources */ = {isa = PBXBuildFile; fileRef = 55990FBD1062932100830C20 /* 1b7t.pdb */; };
		55990FF01062934D00830C20 /* 1bna.pdb in Resources */ = {isa = PBXBuildFile; fileRef = 55990FBE1062932100830C20 /* 1bna.pdb */; };
		55990FF11062934D00830C20 /* 1c17.pdb in Resources */ = {isa = PBXBuildFile; fileRef = 55990FBF1062932300830C20 /* 1c17.pdb */; };
		55990FF21062934D00830C20 /* 1cag.pdb in Resources */ = {isa = PBXBuildFile; fileRef = 55990FC01062932300830C20 /* 1cag.pdb */; };
		55990FF31062934D00830C20 /* 1cd3.pdb in Resources */ = {isa = PBXBuildFile; fileRef = 55990FC11062932400830C20 /* 1cd3.pdb */; };
		55990FF41062934D00830C20 /* 1cjw.pdb in Resources */ = {isa = PBXBuildFile; fileRef = 55990FC21062932400830C20 /* 1cjw.pdb */; };
		55990FF51062934D00830C20 /* 1d2s.pdb in Resources */ = {isa = PBXBuildFile; fileRef = 55990FC31062932400830C20 /* 1d2s.pdb */; };
		55990FF61062934D00830C20 /* 1fbb.pdb in Resources */ = {isa = PBXBuildFile; fileRef = 55990FC41062932400830C20 /* 1fbb.pdb */; };
		55990FF71062934D00830C20 /* 1fha.pdb in Resources */ = {isa = PBXBuildFile; fileRef = 55990FC51062932400830C20 /* 1fha.pdb */; };
		55990FF81062934D00830C20 /* 1gfl.pdb in Resources */ = {isa = PBXBuildFile; fileRef = 55990FC61062932500830C20 /* 1gfl.pdb */; };
		55990FF91062934D00830C20 /* 1gg2.pdb in Resources */ = {isa = PBXBuildFile; fileRef = 55990FC71062932500830C20 /* 1gg2.pdb */; };
		55990FFA1062934D00830C20 /* 1gpe.pdb in Resources */ = {isa = PBXBuildFile; fileRef = 55990FC81062932600830C20 /* 1gpe.pdb */; };
		55990FFB1062934D00830C20 /* 1hgu.pdb in Resources */ = {isa = PBXBuildFile; fileRef = 55990FC91062932600830C20 /* 1hgu.pdb */; };
		55990FFC1062934D00830C20 /* 1hsa.pdb in Resources */ = {isa = PBXBuildFile; fileRef = 55990FCA1062932700830C20 /* 1hsa.pdb */; };
		55990FFD1062934D00830C20 /* 1i7x.pdb in Resources */ = {isa = PBXBuildFile; fileRef = 55990FCB1062932700830C20 /* 1i7x.pdb */; };
		55990FFE1062934D00830C20 /* 1igt.pdb in Resources */ = {isa = PBXBuildFile; fileRef = 55990FCC1062932800830C20 /* 1igt.pdb */; };
		55990FFF1062934D00830C20 /* 1jky.pdb in Resources */ = {isa = PBXBuildFile; fileRef = 55990FCD1062932800830C20 /* 1jky.pdb */; };
		559910001062934D00830C20 /* 1l3w.pdb in Resources */ = {isa = PBXBuildFile; fileRef = 55990FCE1062932800830C20 /* 1l3w.pdb */; };
		559910011062934D00830C20 /* 1mbn.pdb in Resources */ = {isa = PBXBuildFile; fileRef = 55990FCF1062932800830C20 /* 1mbn.pdb */; };
		559910021062934D00830C20 /* 1ok8.pdb in Resources */ = {isa = PBXBuildFile; fileRef = 55990FD01062932800830C20 /* 1ok8.pdb */; };
		559910031062934D00830C20 /* 1olg.pdb in Resources */ = {isa = PBXBuildFile; fileRef = 55990FD11062932900830C20 /* 1olg.pdb */; };
		559910041062934D00830C20 /* 1qm2.pdb in Resources */ = {isa = PBXBuildFile; fileRef = 55990FD21062932900830C20 /* 1qm2.pdb */; };
		559910051062934D00830C20 /* 1rvc.pdb in Resources */ = {isa = PBXBuildFile; fileRef = 55990FD31062932A00830C20 /* 1rvc.pdb */; };
		559910061062934D00830C20 /* 1su4.pdb in Resources */ = {isa = PBXBuildFile; fileRef = 55990FD41062932B00830C20 /* 1su4.pdb */; };
		559910071062934D00830C20 /* 1sva.pdb in Resources */ = {isa = PBXBuildFile; fileRef = 55990FD51062932B00830C20 /* 1sva.pdb */; };
		559910081062934D00830C20 /* 1tau.pdb in Resources */ = {isa = PBXBuildFile; fileRef = 55990FD61062932B00830C20 /* 1tau.pdb */; };
		559910091062934D00830C20 /* 1tcr.pdb in Resources */ = {isa = PBXBuildFile; fileRef = 55990FD71062932C00830C20 /* 1tcr.pdb */; };
		5599100A1062934D00830C20 /* 1tf6.pdb in Resources */ = {isa = PBXBuildFile; fileRef = 55990FD81062932C00830C20 /* 1tf6.pdb */; };
		5599100B1062934D00830C20 /* 1xi4.pdb in Resources */ = {isa = PBXBuildFile; fileRef = 55990FD91062932E00830C20 /* 1xi4.pdb */; };
		5599100C1062934D00830C20 /* 1ytb.pdb in Resources */ = {isa = PBXBuildFile; fileRef = 55990FDA1062932E00830C20 /* 1ytb.pdb */; };
		5599100D1062934D00830C20 /* 2bg9.pdb in Resources */ = {isa = PBXBuildFile; fileRef = 55990FDB1062933100830C20 /* 2bg9.pdb */; };
		5599100E1062934D00830C20 /* 2biw.pdb in Resources */ = {isa = PBXBuildFile; fileRef = 55990FDC1062933600830C20 /* 2biw.pdb */; };
		5599100F1062934D00830C20 /* 2cg9.pdb in Resources */ = {isa = PBXBuildFile; fileRef = 55990FDD1062933800830C20 /* 2cg9.pdb */; };
		559910101062934D00830C20 /* 2d1s.pdb in Resources */ = {isa = PBXBuildFile; fileRef = 55990FDE1062933C00830C20 /* 2d1s.pdb */; };
		559910111062934D00830C20 /* 2dhb.pdb in Resources */ = {isa = PBXBuildFile; fileRef = 55990FDF1062933D00830C20 /* 2dhb.pdb */; };
		559910121062934D00830C20 /* 2f8s.pdb in Resources */ = {isa = PBXBuildFile; fileRef = 55990FE01062934100830C20 /* 2f8s.pdb */; };
		559910131062934D00830C20 /* 2lyz.pdb in Resources */ = {isa = PBXBuildFile; fileRef = 55990FE11062934200830C20 /* 2lyz.pdb */; };
		559910141062934D00830C20 /* 2p1p.pdb in Resources */ = {isa = PBXBuildFile; fileRef = 55990FE21062934500830C20 /* 2p1p.pdb */; };
		559910151062934D00830C20 /* 2plv.pdb in Resources */ = {isa = PBXBuildFile; fileRef = 55990FE31062934700830C20 /* 2plv.pdb */; };
		559910161062934D00830C20 /* 2tmv.pdb in Resources */ = {isa = PBXBuildFile; fileRef = 55990FE41062934800830C20 /* 2tmv.pdb */; };
		559910171062934D00830C20 /* 3cyt.pdb in Resources */ = {isa = PBXBuildFile; fileRef = 55990FE51062934800830C20 /* 3cyt.pdb */; };
		559910181062934D00830C20 /* 3kin.pdb in Resources */ = {isa = PBXBuildFile; fileRef = 55990FE61062934A00830C20 /* 3kin.pdb */; };
		559910191062934D00830C20 /* 4ins.pdb in Resources */ = {isa = PBXBuildFile; fileRef = 55990FE71062934B00830C20 /* 4ins.pdb */; };
		5599101A1062934D00830C20 /* 4tna.pdb in Resources */ = {isa = PBXBuildFile; fileRef = 55990FE81062934B00830C20 /* 4tna.pdb */; };
		5599101B1062934D00830C20 /* 7hvp.pdb in Resources */ = {isa = PBXBuildFile; fileRef = 55990FE91062934C00830C20 /* 7hvp.pdb */; };
		5599101C1062934D00830C20 /* 8cat.pdb in Resources */ = {isa = PBXBuildFile; fileRef = 55990FEA1062934D00830C20 /* 8cat.pdb */; };
		559910201062937B00830C20 /* GLUT.framework in Frameworks */ = {isa = PBXBuildFile; fileRef = 5599101F1062937B00830C20 /* GLUT.framework */; };
		559910221062937B00830C20 /* OpenGL.framework in Frameworks */ = {isa = PBXBuildFile; fileRef = 559910211062937B00830C20 /* OpenGL.framework */; };
		5599102A1062938F00830C20 /* CoreFoundation.framework in Frameworks */ = {isa = PBXBuildFile; fileRef = 559910291062938F00830C20 /* CoreFoundation.framework */; };
		55991046106293B200830C20 /* CoreServices.framework in Frameworks */ = {isa = PBXBuildFile; fileRef = 55991045106293B200830C20 /* CoreServices.framework */; };
		55991060106293D600830C20 /* SystemConfiguration.framework in Frameworks */ = {isa = PBXBuildFile; fileRef = 5599105F106293D600830C20 /* SystemConfiguration.framework */; };
		559910651062943000830C20 /* ConfigureSheet.nib in Resources */ = {isa = PBXBuildFile; fileRef = 559910631062943000830C20 /* ConfigureSheet.nib */; };
		55FBFCA510F58A2800380F57 /* pdb_entry_type.txt in Resources */ = {isa = PBXBuildFile; fileRef = 55FBFCA410F58A2800380F57 /* pdb_entry_type.txt */; };
		8D255AC70486D3F9007BF209 /* Structure_Prefix.pch in Headers */ = {isa = PBXBuildFile; fileRef = 32DBCFA80370C50100C91783 /* Structure_Prefix.pch */; };
		8D255ACA0486D3F9007BF209 /* InfoPlist.strings in Resources */ = {isa = PBXBuildFile; fileRef = 089C167DFE841241C02AAC07 /* InfoPlist.strings */; };
		8D255ACE0486D3F9007BF209 /* Cocoa.framework in Frameworks */ = {isa = PBXBuildFile; fileRef = 1058C7ADFEA557BF11CA2CBB /* Cocoa.framework */; };
		8D255ACF0486D3F9007BF209 /* ScreenSaver.framework in Frameworks */ = {isa = PBXBuildFile; fileRef = 06F27B2DFFEEEFEF11CA0E56 /* ScreenSaver.framework */; };
/* End PBXBuildFile section */

/* Begin PBXFileReference section */
		06F27B2DFFEEEFEF11CA0E56 /* ScreenSaver.framework */ = {isa = PBXFileReference; lastKnownFileType = wrapper.framework; name = ScreenSaver.framework; path = /System/Library/Frameworks/ScreenSaver.framework; sourceTree = "<absolute>"; };
		089C1672FE841209C02AAC07 /* Foundation.framework */ = {isa = PBXFileReference; lastKnownFileType = wrapper.framework; name = Foundation.framework; path = /System/Library/Frameworks/Foundation.framework; sourceTree = "<absolute>"; };
		089C167EFE841241C02AAC07 /* English */ = {isa = PBXFileReference; fileEncoding = 10; lastKnownFileType = text.plist.strings; name = English; path = English.lproj/InfoPlist.strings; sourceTree = "<group>"; };
		089C167FFE841241C02AAC07 /* AppKit.framework */ = {isa = PBXFileReference; lastKnownFileType = wrapper.framework; name = AppKit.framework; path = /System/Library/Frameworks/AppKit.framework; sourceTree = "<absolute>"; };
		1058C7ADFEA557BF11CA2CBB /* Cocoa.framework */ = {isa = PBXFileReference; lastKnownFileType = wrapper.framework; name = Cocoa.framework; path = /System/Library/Frameworks/Cocoa.framework; sourceTree = "<absolute>"; };
		32DBCFA80370C50100C91783 /* Structure_Prefix.pch */ = {isa = PBXFileReference; fileEncoding = 4; lastKnownFileType = sourcecode.c.h; path = Structure_Prefix.pch; sourceTree = "<group>"; };
		55990F681062927600830C20 /* StructureView.mm */ = {isa = PBXFileReference; fileEncoding = 4; lastKnownFileType = sourcecode.cpp.objcpp; path = StructureView.mm; sourceTree = "<group>"; };
		55990F6A1062929F00830C20 /* FileUtility.mm */ = {isa = PBXFileReference; fileEncoding = 4; lastKnownFileType = sourcecode.cpp.objcpp; path = FileUtility.mm; sourceTree = "<group>"; };
		55990F6B1062929F00830C20 /* PDBDownload.mm */ = {isa = PBXFileReference; fileEncoding = 4; lastKnownFileType = sourcecode.cpp.objcpp; path = PDBDownload.mm; sourceTree = "<group>"; };
		55990F6C1062929F00830C20 /* StructureOpenGLView.mm */ = {isa = PBXFileReference; fileEncoding = 4; lastKnownFileType = sourcecode.cpp.objcpp; path = StructureOpenGLView.mm; sourceTree = "<group>"; };
		55990F6D1062929F00830C20 /* StructureGLString.m */ = {isa = PBXFileReference; fileEncoding = 4; lastKnownFileType = sourcecode.c.objc; path = StructureGLString.m; sourceTree = "<group>"; };
		55990F72106292C400830C20 /* Atom.cpp */ = {isa = PBXFileReference; fileEncoding = 4; lastKnownFileType = sourcecode.cpp.cpp; path = Atom.cpp; sourceTree = "<group>"; };
		55990F73106292C400830C20 /* Bond.cpp */ = {isa = PBXFileReference; fileEncoding = 4; lastKnownFileType = sourcecode.cpp.cpp; path = Bond.cpp; sourceTree = "<group>"; };
		55990F74106292C400830C20 /* Color.cpp */ = {isa = PBXFileReference; fileEncoding = 4; lastKnownFileType = sourcecode.cpp.cpp; path = Color.cpp; sourceTree = "<group>"; };
		55990F75106292C400830C20 /* Complex.cpp */ = {isa = PBXFileReference; fileEncoding = 4; lastKnownFileType = sourcecode.cpp.cpp; path = Complex.cpp; sourceTree = "<group>"; };
		55990F77106292C400830C20 /* Molecule.cpp */ = {isa = PBXFileReference; fileEncoding = 4; lastKnownFileType = sourcecode.cpp.cpp; path = Molecule.cpp; sourceTree = "<group>"; };
		55990F78106292C400830C20 /* Point4.cpp */ = {isa = PBXFileReference; fileEncoding = 4; lastKnownFileType = sourcecode.cpp.cpp; path = Point4.cpp; sourceTree = "<group>"; };
		55990F79106292C400830C20 /* Quaternion.cpp */ = {isa = PBXFileReference; fileEncoding = 4; lastKnownFileType = sourcecode.cpp.cpp; path = Quaternion.cpp; sourceTree = "<group>"; };
		55990F7A106292C400830C20 /* RandomUtil.cpp */ = {isa = PBXFileReference; fileEncoding = 4; lastKnownFileType = sourcecode.cpp.cpp; path = RandomUtil.cpp; sourceTree = "<group>"; };
		55990F7B106292C400830C20 /* RenderObject.cpp */ = {isa = PBXFileReference; fileEncoding = 4; lastKnownFileType = sourcecode.cpp.cpp; path = RenderObject.cpp; sourceTree = "<group>"; };
		55990F7C106292C400830C20 /* SecondaryStructure.cpp */ = {isa = PBXFileReference; fileEncoding = 4; lastKnownFileType = sourcecode.cpp.cpp; path = SecondaryStructure.cpp; sourceTree = "<group>"; };
		55990F7D106292C400830C20 /* Slerp.cpp */ = {isa = PBXFileReference; fileEncoding = 4; lastKnownFileType = sourcecode.cpp.cpp; path = Slerp.cpp; sourceTree = "<group>"; };
		55990F7E106292C400830C20 /* StringHelper.cpp */ = {isa = PBXFileReference; fileEncoding = 4; lastKnownFileType = sourcecode.cpp.cpp; path = StringHelper.cpp; sourceTree = "<group>"; };
		55990F7F106292C400830C20 /* Support.cpp */ = {isa = PBXFileReference; fileEncoding = 4; lastKnownFileType = sourcecode.cpp.cpp; path = Support.cpp; sourceTree = "<group>"; };
		55990F8E106292E100830C20 /* Atom.h */ = {isa = PBXFileReference; fileEncoding = 4; lastKnownFileType = sourcecode.c.h; path = Atom.h; sourceTree = "<group>"; };
		55990F8F106292E100830C20 /* Bond.h */ = {isa = PBXFileReference; fileEncoding = 4; lastKnownFileType = sourcecode.c.h; path = Bond.h; sourceTree = "<group>"; };
		55990F90106292E100830C20 /* Color.h */ = {isa = PBXFileReference; fileEncoding = 4; lastKnownFileType = sourcecode.c.h; path = Color.h; sourceTree = "<group>"; };
		55990F91106292E100830C20 /* Complex.h */ = {isa = PBXFileReference; fileEncoding = 4; lastKnownFileType = sourcecode.c.h; path = Complex.h; sourceTree = "<group>"; };
		55990F92106292E100830C20 /* FileUtility.h */ = {isa = PBXFileReference; fileEncoding = 4; lastKnownFileType = sourcecode.c.h; path = FileUtility.h; sourceTree = "<group>"; };
		55990F94106292E100830C20 /* StructureGLString.h */ = {isa = PBXFileReference; fileEncoding = 4; lastKnownFileType = sourcecode.c.h; path = StructureGLString.h; sourceTree = "<group>"; };
		55990F95106292E100830C20 /* Molecule.h */ = {isa = PBXFileReference; fileEncoding = 4; lastKnownFileType = sourcecode.c.h; path = Molecule.h; sourceTree = "<group>"; };
		55990F96106292E100830C20 /* PDBDownload.h */ = {isa = PBXFileReference; fileEncoding = 4; lastKnownFileType = sourcecode.c.h; path = PDBDownload.h; sourceTree = "<group>"; };
		55990F97106292E100830C20 /* Point4.h */ = {isa = PBXFileReference; fileEncoding = 4; lastKnownFileType = sourcecode.c.h; path = Point4.h; sourceTree = "<group>"; };
		55990F98106292E100830C20 /* Quaternion.h */ = {isa = PBXFileReference; fileEncoding = 4; lastKnownFileType = sourcecode.c.h; path = Quaternion.h; sourceTree = "<group>"; };
		55990F99106292E100830C20 /* RandomUtil.h */ = {isa = PBXFileReference; fileEncoding = 4; lastKnownFileType = sourcecode.c.h; path = RandomUtil.h; sourceTree = "<group>"; };
		55990F9A106292E100830C20 /* RenderObject.h */ = {isa = PBXFileReference; fileEncoding = 4; lastKnownFileType = sourcecode.c.h; path = RenderObject.h; sourceTree = "<group>"; };
		55990F9B106292E100830C20 /* SecondaryStructure.h */ = {isa = PBXFileReference; fileEncoding = 4; lastKnownFileType = sourcecode.c.h; path = SecondaryStructure.h; sourceTree = "<group>"; };
		55990F9C106292E100830C20 /* Slerp.h */ = {isa = PBXFileReference; fileEncoding = 4; lastKnownFileType = sourcecode.c.h; path = Slerp.h; sourceTree = "<group>"; };
		55990F9D106292E100830C20 /* StringHelper.h */ = {isa = PBXFileReference; fileEncoding = 4; lastKnownFileType = sourcecode.c.h; path = StringHelper.h; sourceTree = "<group>"; };
		55990F9E106292E100830C20 /* StructureOpenGLView.h */ = {isa = PBXFileReference; fileEncoding = 4; lastKnownFileType = sourcecode.c.h; path = StructureOpenGLView.h; sourceTree = "<group>"; };
		55990F9F106292E100830C20 /* StructureView.h */ = {isa = PBXFileReference; fileEncoding = 4; lastKnownFileType = sourcecode.c.h; path = StructureView.h; sourceTree = "<group>"; };
		55990FA0106292E100830C20 /* Support.h */ = {isa = PBXFileReference; fileEncoding = 4; lastKnownFileType = sourcecode.c.h; path = Support.h; sourceTree = "<group>"; };
		55990FB61062930B00830C20 /* logo.png */ = {isa = PBXFileReference; lastKnownFileType = image.png; path = logo.png; sourceTree = "<group>"; };
		55990FB91062931F00830C20 /* 1a0i.pdb */ = {isa = PBXFileReference; fileEncoding = 4; lastKnownFileType = text; path = 1a0i.pdb; sourceTree = "<group>"; };
		55990FBA1062932000830C20 /* 1a52.pdb */ = {isa = PBXFileReference; fileEncoding = 4; lastKnownFileType = text; path = 1a52.pdb; sourceTree = "<group>"; };
		55990FBB1062932100830C20 /* 1aoi.pdb */ = {isa = PBXFileReference; fileEncoding = 4; lastKnownFileType = text; path = 1aoi.pdb; sourceTree = "<group>"; };
		55990FBC1062932100830C20 /* 1asz.pdb */ = {isa = PBXFileReference; fileEncoding = 4; lastKnownFileType = text; path = 1asz.pdb; sourceTree = "<group>"; };
		55990FBD1062932100830C20 /* 1b7t.pdb */ = {isa = PBXFileReference; fileEncoding = 4; lastKnownFileType = text; path = 1b7t.pdb; sourceTree = "<group>"; };
		55990FBE1062932100830C20 /* 1bna.pdb */ = {isa = PBXFileReference; fileEncoding = 4; lastKnownFileType = text; path = 1bna.pdb; sourceTree = "<group>"; };
		55990FBF1062932300830C20 /* 1c17.pdb */ = {isa = PBXFileReference; fileEncoding = 4; lastKnownFileType = text; path = 1c17.pdb; sourceTree = "<group>"; };
		55990FC01062932300830C20 /* 1cag.pdb */ = {isa = PBXFileReference; fileEncoding = 4; lastKnownFileType = text; path = 1cag.pdb; sourceTree = "<group>"; };
		55990FC11062932400830C20 /* 1cd3.pdb */ = {isa = PBXFileReference; fileEncoding = 4; lastKnownFileType = text; path = 1cd3.pdb; sourceTree = "<group>"; };
		55990FC21062932400830C20 /* 1cjw.pdb */ = {isa = PBXFileReference; fileEncoding = 4; lastKnownFileType = text; path = 1cjw.pdb; sourceTree = "<group>"; };
		55990FC31062932400830C20 /* 1d2s.pdb */ = {isa = PBXFileReference; fileEncoding = 4; lastKnownFileType = text; path = 1d2s.pdb; sourceTree = "<group>"; };
		55990FC41062932400830C20 /* 1fbb.pdb */ = {isa = PBXFileReference; fileEncoding = 4; lastKnownFileType = text; path = 1fbb.pdb; sourceTree = "<group>"; };
		55990FC51062932400830C20 /* 1fha.pdb */ = {isa = PBXFileReference; fileEncoding = 4; lastKnownFileType = text; path = 1fha.pdb; sourceTree = "<group>"; };
		55990FC61062932500830C20 /* 1gfl.pdb */ = {isa = PBXFileReference; fileEncoding = 4; lastKnownFileType = text; path = 1gfl.pdb; sourceTree = "<group>"; };
		55990FC71062932500830C20 /* 1gg2.pdb */ = {isa = PBXFileReference; fileEncoding = 4; lastKnownFileType = text; path = 1gg2.pdb; sourceTree = "<group>"; };
		55990FC81062932600830C20 /* 1gpe.pdb */ = {isa = PBXFileReference; fileEncoding = 4; lastKnownFileType = text; path = 1gpe.pdb; sourceTree = "<group>"; };
		55990FC91062932600830C20 /* 1hgu.pdb */ = {isa = PBXFileReference; fileEncoding = 4; lastKnownFileType = text; path = 1hgu.pdb; sourceTree = "<group>"; };
		55990FCA1062932700830C20 /* 1hsa.pdb */ = {isa = PBXFileReference; fileEncoding = 4; lastKnownFileType = text; path = 1hsa.pdb; sourceTree = "<group>"; };
		55990FCB1062932700830C20 /* 1i7x.pdb */ = {isa = PBXFileReference; fileEncoding = 4; lastKnownFileType = text; path = 1i7x.pdb; sourceTree = "<group>"; };
		55990FCC1062932800830C20 /* 1igt.pdb */ = {isa = PBXFileReference; fileEncoding = 4; lastKnownFileType = text; path = 1igt.pdb; sourceTree = "<group>"; };
		55990FCD1062932800830C20 /* 1jky.pdb */ = {isa = PBXFileReference; fileEncoding = 4; lastKnownFileType = text; path = 1jky.pdb; sourceTree = "<group>"; };
		55990FCE1062932800830C20 /* 1l3w.pdb */ = {isa = PBXFileReference; fileEncoding = 4; lastKnownFileType = text; path = 1l3w.pdb; sourceTree = "<group>"; };
		55990FCF1062932800830C20 /* 1mbn.pdb */ = {isa = PBXFileReference; fileEncoding = 4; lastKnownFileType = text; path = 1mbn.pdb; sourceTree = "<group>"; };
		55990FD01062932800830C20 /* 1ok8.pdb */ = {isa = PBXFileReference; fileEncoding = 4; lastKnownFileType = text; path = 1ok8.pdb; sourceTree = "<group>"; };
		55990FD11062932900830C20 /* 1olg.pdb */ = {isa = PBXFileReference; fileEncoding = 4; lastKnownFileType = text; path = 1olg.pdb; sourceTree = "<group>"; };
		55990FD21062932900830C20 /* 1qm2.pdb */ = {isa = PBXFileReference; fileEncoding = 4; lastKnownFileType = text; path = 1qm2.pdb; sourceTree = "<group>"; };
		55990FD31062932A00830C20 /* 1rvc.pdb */ = {isa = PBXFileReference; fileEncoding = 4; lastKnownFileType = text; path = 1rvc.pdb; sourceTree = "<group>"; };
		55990FD41062932B00830C20 /* 1su4.pdb */ = {isa = PBXFileReference; fileEncoding = 4; lastKnownFileType = text; path = 1su4.pdb; sourceTree = "<group>"; };
		55990FD51062932B00830C20 /* 1sva.pdb */ = {isa = PBXFileReference; fileEncoding = 4; lastKnownFileType = text; path = 1sva.pdb; sourceTree = "<group>"; };
		55990FD61062932B00830C20 /* 1tau.pdb */ = {isa = PBXFileReference; fileEncoding = 4; lastKnownFileType = text; path = 1tau.pdb; sourceTree = "<group>"; };
		55990FD71062932C00830C20 /* 1tcr.pdb */ = {isa = PBXFileReference; fileEncoding = 4; lastKnownFileType = text; path = 1tcr.pdb; sourceTree = "<group>"; };
		55990FD81062932C00830C20 /* 1tf6.pdb */ = {isa = PBXFileReference; fileEncoding = 4; lastKnownFileType = text; path = 1tf6.pdb; sourceTree = "<group>"; };
		55990FD91062932E00830C20 /* 1xi4.pdb */ = {isa = PBXFileReference; fileEncoding = 4; lastKnownFileType = text; path = 1xi4.pdb; sourceTree = "<group>"; };
		55990FDA1062932E00830C20 /* 1ytb.pdb */ = {isa = PBXFileReference; fileEncoding = 4; lastKnownFileType = text; path = 1ytb.pdb; sourceTree = "<group>"; };
		55990FDB1062933100830C20 /* 2bg9.pdb */ = {isa = PBXFileReference; fileEncoding = 4; lastKnownFileType = text; path = 2bg9.pdb; sourceTree = "<group>"; };
		55990FDC1062933600830C20 /* 2biw.pdb */ = {isa = PBXFileReference; fileEncoding = 4; lastKnownFileType = text; path = 2biw.pdb; sourceTree = "<group>"; };
		55990FDD1062933800830C20 /* 2cg9.pdb */ = {isa = PBXFileReference; fileEncoding = 4; lastKnownFileType = text; path = 2cg9.pdb; sourceTree = "<group>"; };
		55990FDE1062933C00830C20 /* 2d1s.pdb */ = {isa = PBXFileReference; fileEncoding = 4; lastKnownFileType = text; path = 2d1s.pdb; sourceTree = "<group>"; };
		55990FDF1062933D00830C20 /* 2dhb.pdb */ = {isa = PBXFileReference; fileEncoding = 4; lastKnownFileType = text; path = 2dhb.pdb; sourceTree = "<group>"; };
		55990FE01062934100830C20 /* 2f8s.pdb */ = {isa = PBXFileReference; fileEncoding = 4; lastKnownFileType = text; path = 2f8s.pdb; sourceTree = "<group>"; };
		55990FE11062934200830C20 /* 2lyz.pdb */ = {isa = PBXFileReference; fileEncoding = 4; lastKnownFileType = text; path = 2lyz.pdb; sourceTree = "<group>"; };
		55990FE21062934500830C20 /* 2p1p.pdb */ = {isa = PBXFileReference; fileEncoding = 4; lastKnownFileType = text; path = 2p1p.pdb; sourceTree = "<group>"; };
		55990FE31062934700830C20 /* 2plv.pdb */ = {isa = PBXFileReference; fileEncoding = 4; lastKnownFileType = text; path = 2plv.pdb; sourceTree = "<group>"; };
		55990FE41062934800830C20 /* 2tmv.pdb */ = {isa = PBXFileReference; fileEncoding = 4; lastKnownFileType = text; path = 2tmv.pdb; sourceTree = "<group>"; };
		55990FE51062934800830C20 /* 3cyt.pdb */ = {isa = PBXFileReference; fileEncoding = 4; lastKnownFileType = text; path = 3cyt.pdb; sourceTree = "<group>"; };
		55990FE61062934A00830C20 /* 3kin.pdb */ = {isa = PBXFileReference; fileEncoding = 4; lastKnownFileType = text; path = 3kin.pdb; sourceTree = "<group>"; };
		55990FE71062934B00830C20 /* 4ins.pdb */ = {isa = PBXFileReference; fileEncoding = 4; lastKnownFileType = text; path = 4ins.pdb; sourceTree = "<group>"; };
		55990FE81062934B00830C20 /* 4tna.pdb */ = {isa = PBXFileReference; fileEncoding = 4; lastKnownFileType = text; path = 4tna.pdb; sourceTree = "<group>"; };
		55990FE91062934C00830C20 /* 7hvp.pdb */ = {isa = PBXFileReference; fileEncoding = 4; lastKnownFileType = text; path = 7hvp.pdb; sourceTree = "<group>"; };
		55990FEA1062934D00830C20 /* 8cat.pdb */ = {isa = PBXFileReference; fileEncoding = 4; lastKnownFileType = text; path = 8cat.pdb; sourceTree = "<group>"; };
		5599101F1062937B00830C20 /* GLUT.framework */ = {isa = PBXFileReference; lastKnownFileType = wrapper.framework; name = GLUT.framework; path = /System/Library/Frameworks/GLUT.framework; sourceTree = "<absolute>"; };
		559910211062937B00830C20 /* OpenGL.framework */ = {isa = PBXFileReference; lastKnownFileType = wrapper.framework; name = OpenGL.framework; path = /System/Library/Frameworks/OpenGL.framework; sourceTree = "<absolute>"; };
		559910291062938F00830C20 /* CoreFoundation.framework */ = {isa = PBXFileReference; lastKnownFileType = wrapper.framework; name = CoreFoundation.framework; path = /System/Library/Frameworks/CoreFoundation.framework; sourceTree = "<absolute>"; };
		55991045106293B200830C20 /* CoreServices.framework */ = {isa = PBXFileReference; lastKnownFileType = wrapper.framework; name = CoreServices.framework; path = /System/Library/Frameworks/CoreServices.framework; sourceTree = "<absolute>"; };
		5599105F106293D600830C20 /* SystemConfiguration.framework */ = {isa = PBXFileReference; lastKnownFileType = wrapper.framework; name = SystemConfiguration.framework; path = /System/Library/Frameworks/SystemConfiguration.framework; sourceTree = "<absolute>"; };
		559910641062943000830C20 /* English */ = {isa = PBXFileReference; lastKnownFileType = wrapper.nib; name = English; path = English.lproj/ConfigureSheet.nib; sourceTree = "<group>"; };
		55FBFCA410F58A2800380F57 /* pdb_entry_type.txt */ = {isa = PBXFileReference; fileEncoding = 4; lastKnownFileType = text; path = pdb_entry_type.txt; sourceTree = "<group>"; };
		8D255AD20486D3F9007BF209 /* Info.plist */ = {isa = PBXFileReference; fileEncoding = 4; lastKnownFileType = text.plist; path = Info.plist; sourceTree = "<group>"; };
		8D255AD30486D3F9007BF209 /* Structure.saver */ = {isa = PBXFileReference; explicitFileType = wrapper.cfbundle; includeInIndex = 0; path = Structure.saver; sourceTree = BUILT_PRODUCTS_DIR; };
/* End PBXFileReference section */

/* Begin PBXFrameworksBuildPhase section */
		8D255ACD0486D3F9007BF209 /* Frameworks */ = {
			isa = PBXFrameworksBuildPhase;
			buildActionMask = 2147483647;
			files = (
				8D255ACE0486D3F9007BF209 /* Cocoa.framework in Frameworks */,
				8D255ACF0486D3F9007BF209 /* ScreenSaver.framework in Frameworks */,
				559910201062937B00830C20 /* GLUT.framework in Frameworks */,
				559910221062937B00830C20 /* OpenGL.framework in Frameworks */,
				5599102A1062938F00830C20 /* CoreFoundation.framework in Frameworks */,
				55991046106293B200830C20 /* CoreServices.framework in Frameworks */,
				55991060106293D600830C20 /* SystemConfiguration.framework in Frameworks */,
			);
			runOnlyForDeploymentPostprocessing = 0;
		};
/* End PBXFrameworksBuildPhase section */

/* Begin PBXGroup section */
		089C166AFE841209C02AAC07 /* Structure */ = {
			isa = PBXGroup;
			children = (
				08FB77AFFE84173DC02AAC07 /* Classes */,
				32DBCFA70370C4F300C91783 /* Other Sources */,
				089C167CFE841241C02AAC07 /* Resources */,
				089C1671FE841209C02AAC07 /* Frameworks and Libraries */,
				19C28FB8FE9D52D311CA2CBB /* Products */,
			);
			name = Structure;
			sourceTree = "<group>";
		};
		089C1671FE841209C02AAC07 /* Frameworks and Libraries */ = {
			isa = PBXGroup;
			children = (
				1058C7ACFEA557BF11CA2CBB /* Linked Frameworks */,
				1058C7AEFEA557BF11CA2CBB /* Other Frameworks */,
			);
			name = "Frameworks and Libraries";
			sourceTree = "<group>";
		};
		089C167CFE841241C02AAC07 /* Resources */ = {
			isa = PBXGroup;
			children = (
				55FBFCA410F58A2800380F57 /* pdb_entry_type.txt */,
				559910631062943000830C20 /* ConfigureSheet.nib */,
				55990FB81062931F00830C20 /* PDB */,
				55990FB61062930B00830C20 /* logo.png */,
				8D255AD20486D3F9007BF209 /* Info.plist */,
				089C167DFE841241C02AAC07 /* InfoPlist.strings */,
			);
			name = Resources;
			sourceTree = "<group>";
		};
		08FB77AFFE84173DC02AAC07 /* Classes */ = {
			isa = PBXGroup;
			children = (
				55990F8E106292E100830C20 /* Atom.h */,
				55990F8F106292E100830C20 /* Bond.h */,
				55990F90106292E100830C20 /* Color.h */,
				55990F91106292E100830C20 /* Complex.h */,
				55990F92106292E100830C20 /* FileUtility.h */,
				55990F94106292E100830C20 /* StructureGLString.h */,
				55990F95106292E100830C20 /* Molecule.h */,
				55990F96106292E100830C20 /* PDBDownload.h */,
				55990F97106292E100830C20 /* Point4.h */,
				55990F98106292E100830C20 /* Quaternion.h */,
				55990F99106292E100830C20 /* RandomUtil.h */,
				55990F9A106292E100830C20 /* RenderObject.h */,
				55990F9B106292E100830C20 /* SecondaryStructure.h */,
				55990F9C106292E100830C20 /* Slerp.h */,
				55990F9D106292E100830C20 /* StringHelper.h */,
				55990F9E106292E100830C20 /* StructureOpenGLView.h */,
				55990F9F106292E100830C20 /* StructureView.h */,
				55990FA0106292E100830C20 /* Support.h */,
				55990F6A1062929F00830C20 /* FileUtility.mm */,
				55990F6B1062929F00830C20 /* PDBDownload.mm */,
				55990F6C1062929F00830C20 /* StructureOpenGLView.mm */,
				55990F6D1062929F00830C20 /* StructureGLString.m */,
				55990F681062927600830C20 /* StructureView.mm */,
			);
			name = Classes;
			sourceTree = "<group>";
		};
		1058C7ACFEA557BF11CA2CBB /* Linked Frameworks */ = {
			isa = PBXGroup;
			children = (
				1058C7ADFEA557BF11CA2CBB /* Cocoa.framework */,
				06F27B2DFFEEEFEF11CA0E56 /* ScreenSaver.framework */,
				5599101F1062937B00830C20 /* GLUT.framework */,
				559910211062937B00830C20 /* OpenGL.framework */,
				559910291062938F00830C20 /* CoreFoundation.framework */,
				55991045106293B200830C20 /* CoreServices.framework */,
				5599105F106293D600830C20 /* SystemConfiguration.framework */,
			);
			name = "Linked Frameworks";
			sourceTree = "<group>";
		};
		1058C7AEFEA557BF11CA2CBB /* Other Frameworks */ = {
			isa = PBXGroup;
			children = (
				089C1672FE841209C02AAC07 /* Foundation.framework */,
				089C167FFE841241C02AAC07 /* AppKit.framework */,
			);
			name = "Other Frameworks";
			sourceTree = "<group>";
		};
		19C28FB8FE9D52D311CA2CBB /* Products */ = {
			isa = PBXGroup;
			children = (
				8D255AD30486D3F9007BF209 /* Structure.saver */,
			);
			name = Products;
			sourceTree = "<group>";
		};
		32DBCFA70370C4F300C91783 /* Other Sources */ = {
			isa = PBXGroup;
			children = (
				55990F72106292C400830C20 /* Atom.cpp */,
				55990F73106292C400830C20 /* Bond.cpp */,
				55990F74106292C400830C20 /* Color.cpp */,
				55990F75106292C400830C20 /* Complex.cpp */,
				55990F77106292C400830C20 /* Molecule.cpp */,
				55990F78106292C400830C20 /* Point4.cpp */,
				55990F79106292C400830C20 /* Quaternion.cpp */,
				55990F7A106292C400830C20 /* RandomUtil.cpp */,
				55990F7B106292C400830C20 /* RenderObject.cpp */,
				55990F7C106292C400830C20 /* SecondaryStructure.cpp */,
				55990F7D106292C400830C20 /* Slerp.cpp */,
				55990F7E106292C400830C20 /* StringHelper.cpp */,
				55990F7F106292C400830C20 /* Support.cpp */,
				32DBCFA80370C50100C91783 /* Structure_Prefix.pch */,
			);
			name = "Other Sources";
			sourceTree = "<group>";
		};
		55990FB81062931F00830C20 /* PDB */ = {
			isa = PBXGroup;
			children = (
				55990FB91062931F00830C20 /* 1a0i.pdb */,
				55990FBA1062932000830C20 /* 1a52.pdb */,
				55990FBB1062932100830C20 /* 1aoi.pdb */,
				55990FBC1062932100830C20 /* 1asz.pdb */,
				55990FBD1062932100830C20 /* 1b7t.pdb */,
				55990FBE1062932100830C20 /* 1bna.pdb */,
				55990FBF1062932300830C20 /* 1c17.pdb */,
				55990FC01062932300830C20 /* 1cag.pdb */,
				55990FC11062932400830C20 /* 1cd3.pdb */,
				55990FC21062932400830C20 /* 1cjw.pdb */,
				55990FC31062932400830C20 /* 1d2s.pdb */,
				55990FC41062932400830C20 /* 1fbb.pdb */,
				55990FC51062932400830C20 /* 1fha.pdb */,
				55990FC61062932500830C20 /* 1gfl.pdb */,
				55990FC71062932500830C20 /* 1gg2.pdb */,
				55990FC81062932600830C20 /* 1gpe.pdb */,
				55990FC91062932600830C20 /* 1hgu.pdb */,
				55990FCA1062932700830C20 /* 1hsa.pdb */,
				55990FCB1062932700830C20 /* 1i7x.pdb */,
				55990FCC1062932800830C20 /* 1igt.pdb */,
				55990FCD1062932800830C20 /* 1jky.pdb */,
				55990FCE1062932800830C20 /* 1l3w.pdb */,
				55990FCF1062932800830C20 /* 1mbn.pdb */,
				55990FD01062932800830C20 /* 1ok8.pdb */,
				55990FD11062932900830C20 /* 1olg.pdb */,
				55990FD21062932900830C20 /* 1qm2.pdb */,
				55990FD31062932A00830C20 /* 1rvc.pdb */,
				55990FD41062932B00830C20 /* 1su4.pdb */,
				55990FD51062932B00830C20 /* 1sva.pdb */,
				55990FD61062932B00830C20 /* 1tau.pdb */,
				55990FD71062932C00830C20 /* 1tcr.pdb */,
				55990FD81062932C00830C20 /* 1tf6.pdb */,
				55990FD91062932E00830C20 /* 1xi4.pdb */,
				55990FDA1062932E00830C20 /* 1ytb.pdb */,
				55990FDB1062933100830C20 /* 2bg9.pdb */,
				55990FDC1062933600830C20 /* 2biw.pdb */,
				55990FDD1062933800830C20 /* 2cg9.pdb */,
				55990FDE1062933C00830C20 /* 2d1s.pdb */,
				55990FDF1062933D00830C20 /* 2dhb.pdb */,
				55990FE01062934100830C20 /* 2f8s.pdb */,
				55990FE11062934200830C20 /* 2lyz.pdb */,
				55990FE21062934500830C20 /* 2p1p.pdb */,
				55990FE31062934700830C20 /* 2plv.pdb */,
				55990FE41062934800830C20 /* 2tmv.pdb */,
				55990FE51062934800830C20 /* 3cyt.pdb */,
				55990FE61062934A00830C20 /* 3kin.pdb */,
				55990FE71062934B00830C20 /* 4ins.pdb */,
				55990FE81062934B00830C20 /* 4tna.pdb */,
				55990FE91062934C00830C20 /* 7hvp.pdb */,
				55990FEA1062934D00830C20 /* 8cat.pdb */,
			);
			path = PDB;
			sourceTree = "<group>";
		};
/* End PBXGroup section */

/* Begin PBXHeadersBuildPhase section */
		8D255AC60486D3F9007BF209 /* Headers */ = {
			isa = PBXHeadersBuildPhase;
			buildActionMask = 2147483647;
			files = (
				8D255AC70486D3F9007BF209 /* Structure_Prefix.pch in Headers */,
				55990FA1106292E100830C20 /* Atom.h in Headers */,
				55990FA2106292E100830C20 /* Bond.h in Headers */,
				55990FA3106292E100830C20 /* Color.h in Headers */,
				55990FA4106292E100830C20 /* Complex.h in Headers */,
				55990FA5106292E100830C20 /* FileUtility.h in Headers */,
				55990FA7106292E100830C20 /* StructureGLString.h in Headers */,
				55990FA8106292E100830C20 /* Molecule.h in Headers */,
				55990FA9106292E100830C20 /* PDBDownload.h in Headers */,
				55990FAA106292E100830C20 /* Point4.h in Headers */,
				55990FAB106292E100830C20 /* Quaternion.h in Headers */,
				55990FAC106292E100830C20 /* RandomUtil.h in Headers */,
				55990FAD106292E100830C20 /* RenderObject.h in Headers */,
				55990FAE106292E100830C20 /* SecondaryStructure.h in Headers */,
				55990FAF106292E100830C20 /* Slerp.h in Headers */,
				55990FB0106292E100830C20 /* StringHelper.h in Headers */,
				55990FB1106292E100830C20 /* StructureOpenGLView.h in Headers */,
				55990FB2106292E100830C20 /* StructureView.h in Headers */,
				55990FB3106292E100830C20 /* Support.h in Headers */,
			);
			runOnlyForDeploymentPostprocessing = 0;
		};
/* End PBXHeadersBuildPhase section */

/* Begin PBXNativeTarget section */
		8D255AC50486D3F9007BF209 /* Structure */ = {
			isa = PBXNativeTarget;
			buildConfigurationList = EF7AD72D08BB986600CE4634 /* Build configuration list for PBXNativeTarget "Structure" */;
			buildPhases = (
				8D255AC60486D3F9007BF209 /* Headers */,
				8D255AC90486D3F9007BF209 /* Resources */,
				8D255ACB0486D3F9007BF209 /* Sources */,
				8D255ACD0486D3F9007BF209 /* Frameworks */,
				8D255AD00486D3F9007BF209 /* Rez */,
			);
			buildRules = (
			);
			dependencies = (
			);
			name = Structure;
			productInstallPath = "$(HOME)/Library/Screen Savers";
			productName = Structure;
			productReference = 8D255AD30486D3F9007BF209 /* Structure.saver */;
			productType = "com.apple.product-type.bundle";
		};
/* End PBXNativeTarget section */

/* Begin PBXProject section */
		089C1669FE841209C02AAC07 /* Project object */ = {
			isa = PBXProject;
			buildConfigurationList = EF7AD73108BB986600CE4634 /* Build configuration list for PBXProject "Structure" */;
			compatibilityVersion = "Xcode 3.1";
			hasScannedForEncodings = 1;
			mainGroup = 089C166AFE841209C02AAC07 /* Structure */;
			projectDirPath = "";
			projectRoot = "";
			targets = (
				8D255AC50486D3F9007BF209 /* Structure */,
			);
		};
/* End PBXProject section */

/* Begin PBXResourcesBuildPhase section */
		8D255AC90486D3F9007BF209 /* Resources */ = {
			isa = PBXResourcesBuildPhase;
			buildActionMask = 2147483647;
			files = (
				8D255ACA0486D3F9007BF209 /* InfoPlist.strings in Resources */,
				55990FB71062930B00830C20 /* logo.png in Resources */,
				55990FEB1062934D00830C20 /* 1a0i.pdb in Resources */,
				55990FEC1062934D00830C20 /* 1a52.pdb in Resources */,
				55990FED1062934D00830C20 /* 1aoi.pdb in Resources */,
				55990FEE1062934D00830C20 /* 1asz.pdb in Resources */,
				55990FEF1062934D00830C20 /* 1b7t.pdb in Resources */,
				55990FF01062934D00830C20 /* 1bna.pdb in Resources */,
				55990FF11062934D00830C20 /* 1c17.pdb in Resources */,
				55990FF21062934D00830C20 /* 1cag.pdb in Resources */,
				55990FF31062934D00830C20 /* 1cd3.pdb in Resources */,
				55990FF41062934D00830C20 /* 1cjw.pdb in Resources */,
				55990FF51062934D00830C20 /* 1d2s.pdb in Resources */,
				55990FF61062934D00830C20 /* 1fbb.pdb in Resources */,
				55990FF71062934D00830C20 /* 1fha.pdb in Resources */,
				55990FF81062934D00830C20 /* 1gfl.pdb in Resources */,
				55990FF91062934D00830C20 /* 1gg2.pdb in Resources */,
				55990FFA1062934D00830C20 /* 1gpe.pdb in Resources */,
				55990FFB1062934D00830C20 /* 1hgu.pdb in Resources */,
				55990FFC1062934D00830C20 /* 1hsa.pdb in Resources */,
				55990FFD1062934D00830C20 /* 1i7x.pdb in Resources */,
				55990FFE1062934D00830C20 /* 1igt.pdb in Resources */,
				55990FFF1062934D00830C20 /* 1jky.pdb in Resources */,
				559910001062934D00830C20 /* 1l3w.pdb in Resources */,
				559910011062934D00830C20 /* 1mbn.pdb in Resources */,
				559910021062934D00830C20 /* 1ok8.pdb in Resources */,
				559910031062934D00830C20 /* 1olg.pdb in Resources */,
				559910041062934D00830C20 /* 1qm2.pdb in Resources */,
				559910051062934D00830C20 /* 1rvc.pdb in Resources */,
				559910061062934D00830C20 /* 1su4.pdb in Resources */,
				559910071062934D00830C20 /* 1sva.pdb in Resources */,
				559910081062934D00830C20 /* 1tau.pdb in Resources */,
				559910091062934D00830C20 /* 1tcr.pdb in Resources */,
				5599100A1062934D00830C20 /* 1tf6.pdb in Resources */,
				5599100B1062934D00830C20 /* 1xi4.pdb in Resources */,
				5599100C1062934D00830C20 /* 1ytb.pdb in Resources */,
				5599100D1062934D00830C20 /* 2bg9.pdb in Resources */,
				5599100E1062934D00830C20 /* 2biw.pdb in Resources */,
				5599100F1062934D00830C20 /* 2cg9.pdb in Resources */,
				559910101062934D00830C20 /* 2d1s.pdb in Resources */,
				559910111062934D00830C20 /* 2dhb.pdb in Resources */,
				559910121062934D00830C20 /* 2f8s.pdb in Resources */,
				559910131062934D00830C20 /* 2lyz.pdb in Resources */,
				559910141062934D00830C20 /* 2p1p.pdb in Resources */,
				559910151062934D00830C20 /* 2plv.pdb in Resources */,
				559910161062934D00830C20 /* 2tmv.pdb in Resources */,
				559910171062934D00830C20 /* 3cyt.pdb in Resources */,
				559910181062934D00830C20 /* 3kin.pdb in Resources */,
				559910191062934D00830C20 /* 4ins.pdb in Resources */,
				5599101A1062934D00830C20 /* 4tna.pdb in Resources */,
				5599101B1062934D00830C20 /* 7hvp.pdb in Resources */,
				5599101C1062934D00830C20 /* 8cat.pdb in Resources */,
				559910651062943000830C20 /* ConfigureSheet.nib in Resources */,
				55FBFCA510F58A2800380F57 /* pdb_entry_type.txt in Resources */,
			);
			runOnlyForDeploymentPostprocessing = 0;
		};
/* End PBXResourcesBuildPhase section */

/* Begin PBXRezBuildPhase section */
		8D255AD00486D3F9007BF209 /* Rez */ = {
			isa = PBXRezBuildPhase;
			buildActionMask = 2147483647;
			files = (
			);
			runOnlyForDeploymentPostprocessing = 0;
		};
/* End PBXRezBuildPhase section */

/* Begin PBXSourcesBuildPhase section */
		8D255ACB0486D3F9007BF209 /* Sources */ = {
			isa = PBXSourcesBuildPhase;
			buildActionMask = 2147483647;
			files = (
				55990F691062927600830C20 /* StructureView.mm in Sources */,
				55990F6E1062929F00830C20 /* FileUtility.mm in Sources */,
				55990F6F1062929F00830C20 /* PDBDownload.mm in Sources */,
				55990F701062929F00830C20 /* StructureOpenGLView.mm in Sources */,
				55990F711062929F00830C20 /* StructureGLString.m in Sources */,
				55990F80106292C400830C20 /* Atom.cpp in Sources */,
				55990F81106292C400830C20 /* Bond.cpp in Sources */,
				55990F82106292C400830C20 /* Color.cpp in Sources */,
				55990F83106292C400830C20 /* Complex.cpp in Sources */,
				55990F85106292C400830C20 /* Molecule.cpp in Sources */,
				55990F86106292C400830C20 /* Point4.cpp in Sources */,
				55990F87106292C400830C20 /* Quaternion.cpp in Sources */,
				55990F88106292C400830C20 /* RandomUtil.cpp in Sources */,
				55990F89106292C400830C20 /* RenderObject.cpp in Sources */,
				55990F8A106292C400830C20 /* SecondaryStructure.cpp in Sources */,
				55990F8B106292C400830C20 /* Slerp.cpp in Sources */,
				55990F8C106292C400830C20 /* StringHelper.cpp in Sources */,
				55990F8D106292C400830C20 /* Support.cpp in Sources */,
			);
			runOnlyForDeploymentPostprocessing = 0;
		};
/* End PBXSourcesBuildPhase section */

/* Begin PBXVariantGroup section */
		089C167DFE841241C02AAC07 /* InfoPlist.strings */ = {
			isa = PBXVariantGroup;
			children = (
				089C167EFE841241C02AAC07 /* English */,
			);
			name = InfoPlist.strings;
			sourceTree = "<group>";
		};
		559910631062943000830C20 /* ConfigureSheet.nib */ = {
			isa = PBXVariantGroup;
			children = (
				559910641062943000830C20 /* English */,
			);
			name = ConfigureSheet.nib;
			sourceTree = "<group>";
		};
/* End PBXVariantGroup section */

/* Begin XCBuildConfiguration section */
		EF7AD72E08BB986600CE4634 /* Debug */ = {
			isa = XCBuildConfiguration;
			buildSettings = {
				GCC_DYNAMIC_NO_PIC = NO;
				GCC_ENABLE_FIX_AND_CONTINUE = YES;
				GCC_MODEL_TUNING = G5;
				GCC_OPTIMIZATION_LEVEL = 0;
				GCC_PRECOMPILE_PREFIX_HEADER = YES;
				GCC_PREFIX_HEADER = Structure_Prefix.pch;
				INFOPLIST_FILE = Info.plist;
				INSTALL_PATH = "$(HOME)/Library/Screen Savers";
				PRODUCT_NAME = Structure;
				WRAPPER_EXTENSION = saver;
				ZERO_LINK = YES;
			};
			name = Debug;
		};
		EF7AD72F08BB986600CE4634 /* Release */ = {
			isa = XCBuildConfiguration;
			buildSettings = {
				DEBUG_INFORMATION_FORMAT = "dwarf-with-dsym";
				GCC_MODEL_TUNING = G5;
				GCC_PRECOMPILE_PREFIX_HEADER = YES;
				GCC_PREFIX_HEADER = Structure_Prefix.pch;
				INFOPLIST_FILE = Info.plist;
				INSTALL_PATH = "$(HOME)/Library/Screen Savers";
				PRODUCT_NAME = Structure;
				WRAPPER_EXTENSION = saver;
			};
			name = Release;
		};
		EF7AD73208BB986600CE4634 /* Debug */ = {
			isa = XCBuildConfiguration;
			buildSettings = {
				ARCHS = "$(ARCHS_STANDARD_32_64_BIT)";
				GCC_C_LANGUAGE_STANDARD = gnu99;
				GCC_ENABLE_OBJC_GC = supported;
				GCC_WARN_ABOUT_RETURN_TYPE = YES;
				GCC_WARN_UNUSED_VARIABLE = YES;
				ONLY_ACTIVE_ARCH = NO;
				PREBINDING = NO;
				SDKROOT = macosx10.6;
			};
			name = Debug;
		};
		EF7AD73308BB986600CE4634 /* Release */ = {
			isa = XCBuildConfiguration;
			buildSettings = {
				ARCHS = "$(ARCHS_STANDARD_32_64_BIT)";
				GCC_C_LANGUAGE_STANDARD = gnu99;
				GCC_ENABLE_OBJC_GC = supported;
				GCC_ENABLE_SSE3_EXTENSIONS = YES;
				GCC_ENABLE_SSE41_EXTENSIONS = YES;
				GCC_ENABLE_SSE42_EXTENSIONS = YES;
				GCC_ENABLE_SUPPLEMENTAL_SSE3_INSTRUCTIONS = YES;
				GCC_WARN_ABOUT_RETURN_TYPE = YES;
				GCC_WARN_UNUSED_VARIABLE = YES;
				PREBINDING = NO;
				SDKROOT = macosx10.6;
			};
			name = Release;
		};
/* End XCBuildConfiguration section */

/* Begin XCConfigurationList section */
		EF7AD72D08BB986600CE4634 /* Build configuration list for PBXNativeTarget "Structure" */ = {
			isa = XCConfigurationList;
			buildConfigurations = (
				EF7AD72E08BB986600CE4634 /* Debug */,
				EF7AD72F08BB986600CE4634 /* Release */,
			);
			defaultConfigurationIsVisible = 0;
			defaultConfigurationName = Release;
		};
		EF7AD73108BB986600CE4634 /* Build configuration list for PBXProject "Structure" */ = {
			isa = XCConfigurationList;
			buildConfigurations = (
				EF7AD73208BB986600CE4634 /* Debug */,
				EF7AD73308BB986600CE4634 /* Release */,
			);
			defaultConfigurationIsVisible = 0;
			defaultConfigurationName = Release;
		};
/* End XCConfigurationList section */
	};
	rootObject = 089C1669FE841209C02AAC07 /* Project object */;
}
